
Microsoft Visual Studio Solution File, Format Version 12.00
# Visual Studio Version 17
VisualStudioVersion = 17.9.34723.18
MinimumVisualStudioVersion = 10.0.40219.1
Project("{FAE04EC0-301F-11D3-BF4B-00C04F79EFBC}") = "Demo.DataAccess", "Demo.DataAccess\Demo.DataAccess.csproj", "{9A1B1594-E5E1-4232-B406-00D16BFE5BD4}"
EndProject
Project("{FAE04EC0-301F-11D3-BF4B-00C04F79EFBC}") = "Demo.Business", "Demo.Business\Demo.Business.csproj", "{9C803AEA-D9C9-4BB7-BED9-050359D2EB02}"
EndProject
Project("{FAE04EC0-301F-11D3-BF4B-00C04F79EFBC}") = "Demo.Entities", "Demo.Entities\Demo.Entities.csproj", "{A964D91A-D3A5-47AC-99B4-64F1E6E6BD62}"
EndProject
Project("{FAE04EC0-301F-11D3-BF4B-00C04F79EFBC}") = "Demo.ConsoleUI", "Demo.ConsoleUI\Demo.ConsoleUI.csproj", "{133FE306-3D2A-4705-AA95-DE537D177F55}"
EndProject
Project("{FAE04EC0-301F-11D3-BF4B-00C04F79EFBC}") = "Core", "Core\Core.csproj", "{B1D7F373-D5EC-49C7-9D07-77A06417805F}"
EndProject
Global
	GlobalSection(SolutionConfigurationPlatforms) = preSolution
		Debug|Any CPU = Debug|Any CPU
		Release|Any CPU = Release|Any CPU
	EndGlobalSection
	GlobalSection(ProjectConfigurationPlatforms) = postSolution
		{9A1B1594-E5E1-4232-B406-00D16BFE5BD4}.Debug|Any CPU.ActiveCfg = Debug|Any CPU
		{9A1B1594-E5E1-4232-B406-00D16BFE5BD4}.Debug|Any CPU.Build.0 = Debug|Any CPU
		{9A1B1594-E5E1-4232-B406-00D16BFE5BD4}.Release|Any CPU.ActiveCfg = Release|Any CPU
		{9A1B1594-E5E1-4232-B406-00D16BFE5BD4}.Release|Any CPU.Build.0 = Release|Any CPU
		{9C803AEA-D9C9-4BB7-BED9-050359D2EB02}.Debug|Any CPU.ActiveCfg = Debug|Any CPU
		{9C803AEA-D9C9-4BB7-BED9-050359D2EB02}.Debug|Any CPU.Build.0 = Debug|Any CPU
		{9C803AEA-D9C9-4BB7-BED9-050359D2EB02}.Release|Any CPU.ActiveCfg = Release|Any CPU
		{9C803AEA-D9C9-4BB7-BED9-050359D2EB02}.Release|Any CPU.Build.0 = Release|Any CPU
		{A964D91A-D3A5-47AC-99B4-64F1E6E6BD62}.Debug|Any CPU.ActiveCfg = Debug|Any CPU
		{A964D91A-D3A5-47AC-99B4-64F1E6E6BD62}.Debug|Any CPU.Build.0 = Debug|Any CPU
		{A964D91A-D3A5-47AC-99B4-64F1E6E6BD62}.Release|Any CPU.ActiveCfg = Release|Any CPU
		{A964D91A-D3A5-47AC-99B4-64F1E6E6BD62}.Release|Any CPU.Build.0 = Release|Any CPU
		{133FE306-3D2A-4705-AA95-DE537D177F55}.Debug|Any CPU.ActiveCfg = Debug|Any CPU
		{133FE306-3D2A-4705-AA95-DE537D177F55}.Debug|Any CPU.Build.0 = Debug|Any CPU
		{133FE306-3D2A-4705-AA95-DE537D177F55}.Release|Any CPU.ActiveCfg = Release|Any CPU
		{133FE306-3D2A-4705-AA95-DE537D177F55}.Release|Any CPU.Build.0 = Release|Any CPU
		{B1D7F373-D5EC-49C7-9D07-77A06417805F}.Debug|Any CPU.ActiveCfg = Debug|Any CPU
		{B1D7F373-D5EC-49C7-9D07-77A06417805F}.Debug|Any CPU.Build.0 = Debug|Any CPU
		{B1D7F373-D5EC-49C7-9D07-77A06417805F}.Release|Any CPU.ActiveCfg = Release|Any CPU
		{B1D7F373-D5EC-49C7-9D07-77A06417805F}.Release|Any CPU.Build.0 = Release|Any CPU
	EndGlobalSection
	GlobalSection(SolutionProperties) = preSolution
		HideSolutionNode = FALSE
	EndGlobalSection
	GlobalSection(ExtensibilityGlobals) = postSolution
		SolutionGuid = {69DE8498-FD27-4EAA-9D4E-B08CB124D273}
	EndGlobalSection
EndGlobal
